
Microsoft Visual Studio Solution File, Format Version 12.00
# Visual Studio 14
VisualStudioVersion = 14.0.24720.0
MinimumVisualStudioVersion = 10.0.40219.1
Project("{FAE04EC0-301F-11D3-BF4B-00C04F79EFBC}") = "SharpSenses.RealSense", "SharpSenses.RealSense\SharpSenses.RealSense.csproj", "{054DB117-F173-488B-94A1-43E1A4F61A66}"
EndProject
Project("{FAE04EC0-301F-11D3-BF4B-00C04F79EFBC}") = "SharpSenses.RealSense.Playground", "SharpSenses.RealSense.Playground\SharpSenses.RealSense.Playground.csproj", "{18023BE1-F6BE-48FD-A1A6-4403707D9DBE}"
EndProject
Project("{FAE04EC0-301F-11D3-BF4B-00C04F79EFBC}") = "SharpSenses.Tests", "SharpSenses.Tests\SharpSenses.Tests.csproj", "{AB94FC0C-A66B-4BDB-8423-51F8E09B9B4F}"
EndProject
Project("{2150E333-8FDC-42A3-9474-1A3956D46DE8}") = "Version", "Version", "{2B4C9E36-A154-4EA6-AC13-0CE4D0447F62}"
	ProjectSection(SolutionItems) = preProject
		GlobalAssemblyInfo.cs = GlobalAssemblyInfo.cs
	EndProjectSection
EndProject
Project("{FAE04EC0-301F-11D3-BF4B-00C04F79EFBC}") = "SharpSenses", "SharpSenses\SharpSenses.csproj", "{F4F42C71-BFA3-40D0-B070-B5FE1468BB6A}"
EndProject
Project("{FAE04EC0-301F-11D3-BF4B-00C04F79EFBC}") = "SharpSenses.RealSense.Playgroundx32", "SharpSenses.RealSense.Playgroundx32\SharpSenses.RealSense.Playgroundx32.csproj", "{8EE9EBE4-885A-4DBA-AC1D-26148333E833}"
EndProject
Project("{FAE04EC0-301F-11D3-BF4B-00C04F79EFBC}") = "SharpSenses.Server", "SharpSenses.Server\SharpSenses.Server.csproj", "{2DA35A94-BAC0-4A0B-80FF-3593F71F26A2}"
EndProject
Project("{FAE04EC0-301F-11D3-BF4B-00C04F79EFBC}") = "SharpSenses.Server.Cmd", "SharpSenses.Server.Cmd\SharpSenses.Server.Cmd.csproj", "{B28572DB-94FB-49EA-9788-7A328927AD68}"
EndProject
Project("{FAE04EC0-301F-11D3-BF4B-00C04F79EFBC}") = "SharpSenses.Client", "SharpSenses.Client\SharpSenses.Client.csproj", "{A87EFD6A-8513-4D17-8C5C-2F8F95027FF6}"
EndProject
Project("{2150E333-8FDC-42A3-9474-1A3956D46DE8}") = "Remote", "Remote", "{776B4C01-E521-4386-86A0-A4E3E956C03A}"
EndProject
Project("{2150E333-8FDC-42A3-9474-1A3956D46DE8}") = "SharpSenses.Playground.Universal", "SharpSenses.Playground.Universal", "{7464FA6B-0102-43D6-9A23-09F312690546}"
EndProject
Project("{D954291E-2A0B-460D-934E-DC6B0785DB48}") = "SharpSenses.Playground.Universal.Shared", "SharpSenses.Playground.Universal\SharpSenses.Playground.Universal.Shared\SharpSenses.Playground.Universal.Shared.shproj", "{A22BBDA1-AECC-427A-9F76-23A53E88C603}"
EndProject
Project("{FAE04EC0-301F-11D3-BF4B-00C04F79EFBC}") = "SharpSenses.Playground.Universal.Windows", "SharpSenses.Playground.Universal\SharpSenses.Playground.Universal.Windows\SharpSenses.Playground.Universal.Windows.csproj", "{7CCCAFDB-2E4F-4C29-A851-E88BF872CC30}"
EndProject
Project("{FAE04EC0-301F-11D3-BF4B-00C04F79EFBC}") = "SharpSenses.Playground.Universal.WindowsPhone", "SharpSenses.Playground.Universal\SharpSenses.Playground.Universal.WindowsPhone\SharpSenses.Playground.Universal.WindowsPhone.csproj", "{78BD8FB6-A33A-4148-9A50-68A1F6F22F09}"
EndProject
Project("{FAE04EC0-301F-11D3-BF4B-00C04F79EFBC}") = "SharpSenses.RealSense.Wpf", "SharpSenses.RealSense.Wpf\SharpSenses.RealSense.Wpf.csproj", "{9F4B803F-B136-4ACA-8E18-E0095B5BD2CA}"
EndProject
Global
	GlobalSection(SharedMSBuildProjectFiles) = preSolution
		SharpSenses.Playground.Universal\SharpSenses.Playground.Universal.Shared\SharpSenses.Playground.Universal.Shared.projitems*{78bd8fb6-a33a-4148-9a50-68a1f6f22f09}*SharedItemsImports = 4
		SharpSenses.Playground.Universal\SharpSenses.Playground.Universal.Shared\SharpSenses.Playground.Universal.Shared.projitems*{7cccafdb-2e4f-4c29-a851-e88bf872cc30}*SharedItemsImports = 4
		SharpSenses.Playground.Universal\SharpSenses.Playground.Universal.Shared\SharpSenses.Playground.Universal.Shared.projitems*{a22bbda1-aecc-427a-9f76-23a53e88c603}*SharedItemsImports = 13
	EndGlobalSection
	GlobalSection(SolutionConfigurationPlatforms) = preSolution
		Debug|Any CPU = Debug|Any CPU
		Debug|ARM = Debug|ARM
		Debug|x64 = Debug|x64
		Debug|x86 = Debug|x86
		Release|Any CPU = Release|Any CPU
		Release|ARM = Release|ARM
		Release|x64 = Release|x64
		Release|x86 = Release|x86
	EndGlobalSection
	GlobalSection(ProjectConfigurationPlatforms) = postSolution
		{054DB117-F173-488B-94A1-43E1A4F61A66}.Debug|Any CPU.ActiveCfg = Debug|Any CPU
		{054DB117-F173-488B-94A1-43E1A4F61A66}.Debug|Any CPU.Build.0 = Debug|Any CPU
		{054DB117-F173-488B-94A1-43E1A4F61A66}.Debug|ARM.ActiveCfg = Debug|Any CPU
		{054DB117-F173-488B-94A1-43E1A4F61A66}.Debug|x64.ActiveCfg = Debug|x64
		{054DB117-F173-488B-94A1-43E1A4F61A66}.Debug|x64.Build.0 = Debug|x64
		{054DB117-F173-488B-94A1-43E1A4F61A66}.Debug|x86.ActiveCfg = Debug|Any CPU
		{054DB117-F173-488B-94A1-43E1A4F61A66}.Release|Any CPU.ActiveCfg = Release|Any CPU
		{054DB117-F173-488B-94A1-43E1A4F61A66}.Release|Any CPU.Build.0 = Release|Any CPU
		{054DB117-F173-488B-94A1-43E1A4F61A66}.Release|ARM.ActiveCfg = Release|Any CPU
		{054DB117-F173-488B-94A1-43E1A4F61A66}.Release|x64.ActiveCfg = Release|x64
		{054DB117-F173-488B-94A1-43E1A4F61A66}.Release|x64.Build.0 = Release|x64
		{054DB117-F173-488B-94A1-43E1A4F61A66}.Release|x86.ActiveCfg = Release|Any CPU
		{18023BE1-F6BE-48FD-A1A6-4403707D9DBE}.Debug|Any CPU.ActiveCfg = Debug|Any CPU
		{18023BE1-F6BE-48FD-A1A6-4403707D9DBE}.Debug|Any CPU.Build.0 = Debug|Any CPU
		{18023BE1-F6BE-48FD-A1A6-4403707D9DBE}.Debug|ARM.ActiveCfg = Debug|Any CPU
		{18023BE1-F6BE-48FD-A1A6-4403707D9DBE}.Debug|x64.ActiveCfg = Debug|Any CPU
		{18023BE1-F6BE-48FD-A1A6-4403707D9DBE}.Debug|x86.ActiveCfg = Debug|Any CPU
		{18023BE1-F6BE-48FD-A1A6-4403707D9DBE}.Release|Any CPU.ActiveCfg = Release|Any CPU
		{18023BE1-F6BE-48FD-A1A6-4403707D9DBE}.Release|Any CPU.Build.0 = Release|Any CPU
		{18023BE1-F6BE-48FD-A1A6-4403707D9DBE}.Release|ARM.ActiveCfg = Release|Any CPU
		{18023BE1-F6BE-48FD-A1A6-4403707D9DBE}.Release|x64.ActiveCfg = Release|Any CPU
		{18023BE1-F6BE-48FD-A1A6-4403707D9DBE}.Release|x86.ActiveCfg = Release|Any CPU
		{AB94FC0C-A66B-4BDB-8423-51F8E09B9B4F}.Debug|Any CPU.ActiveCfg = Debug|Any CPU
		{AB94FC0C-A66B-4BDB-8423-51F8E09B9B4F}.Debug|Any CPU.Build.0 = Debug|Any CPU
		{AB94FC0C-A66B-4BDB-8423-51F8E09B9B4F}.Debug|ARM.ActiveCfg = Debug|Any CPU
		{AB94FC0C-A66B-4BDB-8423-51F8E09B9B4F}.Debug|x64.ActiveCfg = Debug|Any CPU
		{AB94FC0C-A66B-4BDB-8423-51F8E09B9B4F}.Debug|x86.ActiveCfg = Debug|Any CPU
		{AB94FC0C-A66B-4BDB-8423-51F8E09B9B4F}.Release|Any CPU.ActiveCfg = Release|Any CPU
		{AB94FC0C-A66B-4BDB-8423-51F8E09B9B4F}.Release|Any CPU.Build.0 = Release|Any CPU
		{AB94FC0C-A66B-4BDB-8423-51F8E09B9B4F}.Release|ARM.ActiveCfg = Release|Any CPU
		{AB94FC0C-A66B-4BDB-8423-51F8E09B9B4F}.Release|x64.ActiveCfg = Release|Any CPU
		{AB94FC0C-A66B-4BDB-8423-51F8E09B9B4F}.Release|x86.ActiveCfg = Release|Any CPU
		{F4F42C71-BFA3-40D0-B070-B5FE1468BB6A}.Debug|Any CPU.ActiveCfg = Debug|Any CPU
		{F4F42C71-BFA3-40D0-B070-B5FE1468BB6A}.Debug|Any CPU.Build.0 = Debug|Any CPU
		{F4F42C71-BFA3-40D0-B070-B5FE1468BB6A}.Debug|ARM.ActiveCfg = Debug|Any CPU
		{F4F42C71-BFA3-40D0-B070-B5FE1468BB6A}.Debug|x64.ActiveCfg = Debug|Any CPU
		{F4F42C71-BFA3-40D0-B070-B5FE1468BB6A}.Debug|x86.ActiveCfg = Debug|Any CPU
		{F4F42C71-BFA3-40D0-B070-B5FE1468BB6A}.Release|Any CPU.ActiveCfg = Release|Any CPU
		{F4F42C71-BFA3-40D0-B070-B5FE1468BB6A}.Release|Any CPU.Build.0 = Release|Any CPU
		{F4F42C71-BFA3-40D0-B070-B5FE1468BB6A}.Release|ARM.ActiveCfg = Release|Any CPU
		{F4F42C71-BFA3-40D0-B070-B5FE1468BB6A}.Release|x64.ActiveCfg = Release|Any CPU
		{F4F42C71-BFA3-40D0-B070-B5FE1468BB6A}.Release|x86.ActiveCfg = Release|Any CPU
		{8EE9EBE4-885A-4DBA-AC1D-26148333E833}.Debug|Any CPU.ActiveCfg = Debug|Any CPU
		{8EE9EBE4-885A-4DBA-AC1D-26148333E833}.Debug|Any CPU.Build.0 = Debug|Any CPU
		{8EE9EBE4-885A-4DBA-AC1D-26148333E833}.Debug|ARM.ActiveCfg = Debug|Any CPU
		{8EE9EBE4-885A-4DBA-AC1D-26148333E833}.Debug|x64.ActiveCfg = Debug|Any CPU
		{8EE9EBE4-885A-4DBA-AC1D-26148333E833}.Debug|x86.ActiveCfg = Debug|Any CPU
		{8EE9EBE4-885A-4DBA-AC1D-26148333E833}.Release|Any CPU.ActiveCfg = Release|Any CPU
		{8EE9EBE4-885A-4DBA-AC1D-26148333E833}.Release|Any CPU.Build.0 = Release|Any CPU
		{8EE9EBE4-885A-4DBA-AC1D-26148333E833}.Release|ARM.ActiveCfg = Release|Any CPU
		{8EE9EBE4-885A-4DBA-AC1D-26148333E833}.Release|x64.ActiveCfg = Release|Any CPU
		{8EE9EBE4-885A-4DBA-AC1D-26148333E833}.Release|x86.ActiveCfg = Release|Any CPU
		{2DA35A94-BAC0-4A0B-80FF-3593F71F26A2}.Debug|Any CPU.ActiveCfg = Debug|Any CPU
		{2DA35A94-BAC0-4A0B-80FF-3593F71F26A2}.Debug|Any CPU.Build.0 = Debug|Any CPU
		{2DA35A94-BAC0-4A0B-80FF-3593F71F26A2}.Debug|ARM.ActiveCfg = Debug|Any CPU
		{2DA35A94-BAC0-4A0B-80FF-3593F71F26A2}.Debug|x64.ActiveCfg = Debug|Any CPU
		{2DA35A94-BAC0-4A0B-80FF-3593F71F26A2}.Debug|x86.ActiveCfg = Debug|Any CPU
		{2DA35A94-BAC0-4A0B-80FF-3593F71F26A2}.Release|Any CPU.ActiveCfg = Release|Any CPU
		{2DA35A94-BAC0-4A0B-80FF-3593F71F26A2}.Release|Any CPU.Build.0 = Release|Any CPU
		{2DA35A94-BAC0-4A0B-80FF-3593F71F26A2}.Release|ARM.ActiveCfg = Release|Any CPU
		{2DA35A94-BAC0-4A0B-80FF-3593F71F26A2}.Release|x64.ActiveCfg = Release|Any CPU
		{2DA35A94-BAC0-4A0B-80FF-3593F71F26A2}.Release|x86.ActiveCfg = Release|Any CPU
		{B28572DB-94FB-49EA-9788-7A328927AD68}.Debug|Any CPU.ActiveCfg = Debug|Any CPU
		{B28572DB-94FB-49EA-9788-7A328927AD68}.Debug|Any CPU.Build.0 = Debug|Any CPU
		{B28572DB-94FB-49EA-9788-7A328927AD68}.Debug|ARM.ActiveCfg = Debug|Any CPU
		{B28572DB-94FB-49EA-9788-7A328927AD68}.Debug|x64.ActiveCfg = Debug|Any CPU
		{B28572DB-94FB-49EA-9788-7A328927AD68}.Debug|x86.ActiveCfg = Debug|Any CPU
		{B28572DB-94FB-49EA-9788-7A328927AD68}.Release|Any CPU.ActiveCfg = Release|Any CPU
		{B28572DB-94FB-49EA-9788-7A328927AD68}.Release|Any CPU.Build.0 = Release|Any CPU
		{B28572DB-94FB-49EA-9788-7A328927AD68}.Release|ARM.ActiveCfg = Release|Any CPU
		{B28572DB-94FB-49EA-9788-7A328927AD68}.Release|x64.ActiveCfg = Release|Any CPU
		{B28572DB-94FB-49EA-9788-7A328927AD68}.Release|x86.ActiveCfg = Release|Any CPU
		{A87EFD6A-8513-4D17-8C5C-2F8F95027FF6}.Debug|Any CPU.ActiveCfg = Debug|Any CPU
		{A87EFD6A-8513-4D17-8C5C-2F8F95027FF6}.Debug|Any CPU.Build.0 = Debug|Any CPU
		{A87EFD6A-8513-4D17-8C5C-2F8F95027FF6}.Debug|ARM.ActiveCfg = Debug|Any CPU
		{A87EFD6A-8513-4D17-8C5C-2F8F95027FF6}.Debug|x64.ActiveCfg = Debug|Any CPU
		{A87EFD6A-8513-4D17-8C5C-2F8F95027FF6}.Debug|x86.ActiveCfg = Debug|Any CPU
		{A87EFD6A-8513-4D17-8C5C-2F8F95027FF6}.Release|Any CPU.ActiveCfg = Release|Any CPU
		{A87EFD6A-8513-4D17-8C5C-2F8F95027FF6}.Release|Any CPU.Build.0 = Release|Any CPU
		{A87EFD6A-8513-4D17-8C5C-2F8F95027FF6}.Release|ARM.ActiveCfg = Release|Any CPU
		{A87EFD6A-8513-4D17-8C5C-2F8F95027FF6}.Release|x64.ActiveCfg = Release|Any CPU
		{A87EFD6A-8513-4D17-8C5C-2F8F95027FF6}.Release|x86.ActiveCfg = Release|Any CPU
		{7CCCAFDB-2E4F-4C29-A851-E88BF872CC30}.Debug|Any CPU.ActiveCfg = Debug|Any CPU
		{7CCCAFDB-2E4F-4C29-A851-E88BF872CC30}.Debug|Any CPU.Build.0 = Debug|Any CPU
		{7CCCAFDB-2E4F-4C29-A851-E88BF872CC30}.Debug|Any CPU.Deploy.0 = Debug|Any CPU
		{7CCCAFDB-2E4F-4C29-A851-E88BF872CC30}.Debug|ARM.ActiveCfg = Debug|ARM
		{7CCCAFDB-2E4F-4C29-A851-E88BF872CC30}.Debug|ARM.Build.0 = Debug|ARM
		{7CCCAFDB-2E4F-4C29-A851-E88BF872CC30}.Debug|ARM.Deploy.0 = Debug|ARM
		{7CCCAFDB-2E4F-4C29-A851-E88BF872CC30}.Debug|x64.ActiveCfg = Debug|x64
		{7CCCAFDB-2E4F-4C29-A851-E88BF872CC30}.Debug|x64.Build.0 = Debug|x64
		{7CCCAFDB-2E4F-4C29-A851-E88BF872CC30}.Debug|x64.Deploy.0 = Debug|x64
		{7CCCAFDB-2E4F-4C29-A851-E88BF872CC30}.Debug|x86.ActiveCfg = Debug|x86
		{7CCCAFDB-2E4F-4C29-A851-E88BF872CC30}.Debug|x86.Build.0 = Debug|x86
		{7CCCAFDB-2E4F-4C29-A851-E88BF872CC30}.Debug|x86.Deploy.0 = Debug|x86
		{7CCCAFDB-2E4F-4C29-A851-E88BF872CC30}.Release|Any CPU.ActiveCfg = Release|Any CPU
		{7CCCAFDB-2E4F-4C29-A851-E88BF872CC30}.Release|Any CPU.Build.0 = Release|Any CPU
		{7CCCAFDB-2E4F-4C29-A851-E88BF872CC30}.Release|Any CPU.Deploy.0 = Release|Any CPU
		{7CCCAFDB-2E4F-4C29-A851-E88BF872CC30}.Release|ARM.ActiveCfg = Release|ARM
		{7CCCAFDB-2E4F-4C29-A851-E88BF872CC30}.Release|ARM.Build.0 = Release|ARM
		{7CCCAFDB-2E4F-4C29-A851-E88BF872CC30}.Release|ARM.Deploy.0 = Release|ARM
		{7CCCAFDB-2E4F-4C29-A851-E88BF872CC30}.Release|x64.ActiveCfg = Release|x64
		{7CCCAFDB-2E4F-4C29-A851-E88BF872CC30}.Release|x64.Build.0 = Release|x64
		{7CCCAFDB-2E4F-4C29-A851-E88BF872CC30}.Release|x64.Deploy.0 = Release|x64
		{7CCCAFDB-2E4F-4C29-A851-E88BF872CC30}.Release|x86.ActiveCfg = Release|x86
		{7CCCAFDB-2E4F-4C29-A851-E88BF872CC30}.Release|x86.Build.0 = Release|x86
		{7CCCAFDB-2E4F-4C29-A851-E88BF872CC30}.Release|x86.Deploy.0 = Release|x86
		{78BD8FB6-A33A-4148-9A50-68A1F6F22F09}.Debug|Any CPU.ActiveCfg = Debug|Any CPU
		{78BD8FB6-A33A-4148-9A50-68A1F6F22F09}.Debug|Any CPU.Build.0 = Debug|Any CPU
		{78BD8FB6-A33A-4148-9A50-68A1F6F22F09}.Debug|Any CPU.Deploy.0 = Debug|Any CPU
		{78BD8FB6-A33A-4148-9A50-68A1F6F22F09}.Debug|ARM.ActiveCfg = Debug|ARM
		{78BD8FB6-A33A-4148-9A50-68A1F6F22F09}.Debug|ARM.Build.0 = Debug|ARM
		{78BD8FB6-A33A-4148-9A50-68A1F6F22F09}.Debug|ARM.Deploy.0 = Debug|ARM
		{78BD8FB6-A33A-4148-9A50-68A1F6F22F09}.Debug|x64.ActiveCfg = Debug|Any CPU
		{78BD8FB6-A33A-4148-9A50-68A1F6F22F09}.Debug|x86.ActiveCfg = Debug|x86
		{78BD8FB6-A33A-4148-9A50-68A1F6F22F09}.Debug|x86.Build.0 = Debug|x86
		{78BD8FB6-A33A-4148-9A50-68A1F6F22F09}.Debug|x86.Deploy.0 = Debug|x86
		{78BD8FB6-A33A-4148-9A50-68A1F6F22F09}.Release|Any CPU.ActiveCfg = Release|Any CPU
		{78BD8FB6-A33A-4148-9A50-68A1F6F22F09}.Release|Any CPU.Build.0 = Release|Any CPU
		{78BD8FB6-A33A-4148-9A50-68A1F6F22F09}.Release|Any CPU.Deploy.0 = Release|Any CPU
		{78BD8FB6-A33A-4148-9A50-68A1F6F22F09}.Release|ARM.ActiveCfg = Release|ARM
		{78BD8FB6-A33A-4148-9A50-68A1F6F22F09}.Release|ARM.Build.0 = Release|ARM
		{78BD8FB6-A33A-4148-9A50-68A1F6F22F09}.Release|ARM.Deploy.0 = Release|ARM
		{78BD8FB6-A33A-4148-9A50-68A1F6F22F09}.Release|x64.ActiveCfg = Release|Any CPU
		{78BD8FB6-A33A-4148-9A50-68A1F6F22F09}.Release|x86.ActiveCfg = Release|x86
		{78BD8FB6-A33A-4148-9A50-68A1F6F22F09}.Release|x86.Build.0 = Release|x86
		{78BD8FB6-A33A-4148-9A50-68A1F6F22F09}.Release|x86.Deploy.0 = Release|x86
		{9F4B803F-B136-4ACA-8E18-E0095B5BD2CA}.Debug|Any CPU.ActiveCfg = Debug|Any CPU
		{9F4B803F-B136-4ACA-8E18-E0095B5BD2CA}.Debug|Any CPU.Build.0 = Debug|Any CPU
		{9F4B803F-B136-4ACA-8E18-E0095B5BD2CA}.Debug|ARM.ActiveCfg = Debug|Any CPU
		{9F4B803F-B136-4ACA-8E18-E0095B5BD2CA}.Debug|ARM.Build.0 = Debug|Any CPU
		{9F4B803F-B136-4ACA-8E18-E0095B5BD2CA}.Debug|x64.ActiveCfg = Debug|Any CPU
		{9F4B803F-B136-4ACA-8E18-E0095B5BD2CA}.Debug|x64.Build.0 = Debug|Any CPU
		{9F4B803F-B136-4ACA-8E18-E0095B5BD2CA}.Debug|x86.ActiveCfg = Debug|Any CPU
		{9F4B803F-B136-4ACA-8E18-E0095B5BD2CA}.Debug|x86.Build.0 = Debug|Any CPU
		{9F4B803F-B136-4ACA-8E18-E0095B5BD2CA}.Release|Any CPU.ActiveCfg = Release|Any CPU
		{9F4B803F-B136-4ACA-8E18-E0095B5BD2CA}.Release|Any CPU.Build.0 = Release|Any CPU
		{9F4B803F-B136-4ACA-8E18-E0095B5BD2CA}.Release|ARM.ActiveCfg = Release|Any CPU
		{9F4B803F-B136-4ACA-8E18-E0095B5BD2CA}.Release|ARM.Build.0 = Release|Any CPU
		{9F4B803F-B136-4ACA-8E18-E0095B5BD2CA}.Release|x64.ActiveCfg = Release|Any CPU
		{9F4B803F-B136-4ACA-8E18-E0095B5BD2CA}.Release|x64.Build.0 = Release|Any CPU
		{9F4B803F-B136-4ACA-8E18-E0095B5BD2CA}.Release|x86.ActiveCfg = Release|Any CPU
		{9F4B803F-B136-4ACA-8E18-E0095B5BD2CA}.Release|x86.Build.0 = Release|Any CPU
	EndGlobalSection
	GlobalSection(SolutionProperties) = preSolution
		HideSolutionNode = FALSE
	EndGlobalSection
	GlobalSection(NestedProjects) = preSolution
		{2DA35A94-BAC0-4A0B-80FF-3593F71F26A2} = {776B4C01-E521-4386-86A0-A4E3E956C03A}
		{B28572DB-94FB-49EA-9788-7A328927AD68} = {776B4C01-E521-4386-86A0-A4E3E956C03A}
		{A87EFD6A-8513-4D17-8C5C-2F8F95027FF6} = {776B4C01-E521-4386-86A0-A4E3E956C03A}
		{7464FA6B-0102-43D6-9A23-09F312690546} = {776B4C01-E521-4386-86A0-A4E3E956C03A}
		{A22BBDA1-AECC-427A-9F76-23A53E88C603} = {7464FA6B-0102-43D6-9A23-09F312690546}
		{7CCCAFDB-2E4F-4C29-A851-E88BF872CC30} = {7464FA6B-0102-43D6-9A23-09F312690546}
		{78BD8FB6-A33A-4148-9A50-68A1F6F22F09} = {7464FA6B-0102-43D6-9A23-09F312690546}
	EndGlobalSection
EndGlobal
